{
  "name": "orchidplayer",
  "version": "1.0.0",
  "lockfileVersion": 3,
  "requires": true,
  "packages": {
    "": {
      "name": "orchidplayer",
      "version": "1.0.0",
      "dependencies": {
        "mpc-js": "^2.1.1",
        "slint-ui": "^1.18.0"
      }
    },
    "node_modules/@slint-ui/slint-ui-binary-darwin-arm64": {
      "version": "1.18.0",
      "resolved": "https://registry.npmjs.org/@slint-ui/slint-ui-binary-darwin-arm64/-/slint-ui-binary-darwin-arm64-1.18.0.tgz",
      "integrity": "sha512-96DawceNOIMkjFYJyjTVTBqy+oTvZBZRwLBCU4N0mRl1kzSHZPNUJKBsoVpQs3ImdsajCFNBuDzFK8zZXmzHog==",
      "cpu": [
        "arm64"
      ],
      "license": "SEE LICENSE IN LICENSE.md",
      "optional": true,
      "os": [
        "darwin"
      ],
      "engines": {
        "node": ">= 10"
      }
    },
    "node_modules/@slint-ui/slint-ui-binary-linux-arm64-gnu": {
      "version": "1.18.0",
      "resolved": "https://registry.npmjs.org/@slint-ui/slint-ui-binary-linux-arm64-gnu/-/slint-ui-binary-linux-arm64-gnu-1.18.0.tgz",
      "integrity": "sha512-2WJnOPgutCnUpzzpTAuYBX4DuR8vSec8f7U3DR3g1Q50dUKcrn3YA6GDoQhJcvhILn575RtEZi+A6oDFvTPqww==",
      "cpu": [
        "arm64"
      ],
      "libc": [
        "glibc"
      ],
      "license": "SEE LICENSE IN LICENSE.md",
      "optional": true,
      "os": [
        "linux"
      ],
      "engines": {
        "node": ">= 10"
      }
    },
    "node_modules/@slint-ui/slint-ui-binary-linux-arm64-musl": {
      "version": "1.18.0",
      "resolved": "https://registry.npmjs.org/@slint-ui/slint-ui-binary-linux-arm64-musl/-/slint-ui-binary-linux-arm64-musl-1.18.0.tgz",
      "integrity": "sha512-19IaYsLjTKwQodFPpTuX8B7I7OXb0t19itPAbSGwo9si6eP+T+bj51FvHntI6HFqRBBP8VUv/agU6ijyqLGWpQ==",
      "cpu": [
        "arm64"
      ],
      "libc": [
        "musl"
      ],
      "license": "SEE LICENSE IN LICENSE.md",
      "optional": true,
      "os": [
        "linux"
      ],
      "engines": {
        "node": ">= 10"
      }
    },
    "node_modules/@slint-ui/slint-ui-binary-linux-x64-gnu": {
      "version": "1.18.0",
      "resolved": "https://registry.npmjs.org/@slint-ui/slint-ui-binary-linux-x64-gnu/-/slint-ui-binary-linux-x64-gnu-1.18.0.tgz",
      "integrity": "sha512-kKWD0S2IEguzJGc1RvOJq/x556VdPbXOlKuQWp583X7OHZWHrUFsRwcuvU55wf2SJMCKnCnSBYuZuA3+pCex8A==",
      "cpu": [
        "x64"
      ],
      "libc": [
        "glibc"
      ],
      "license": "SEE LICENSE IN LICENSE.md",
      "optional": true,
      "os": [
        "linux"
      ],
      "engines": {
        "node": ">= 10"
      }
    },
    "node_modules/@slint-ui/slint-ui-binary-linux-x64-musl": {
      "version": "1.18.0",
      "resolved": "https://registry.npmjs.org/@slint-ui/slint-ui-binary-linux-x64-musl/-/slint-ui-binary-linux-x64-musl-1.18.0.tgz",
      "integrity": "sha512-UV1+k/Qgx72xRfYUzwdhgAhGSh89j2JbqlWORWejIPPyTq+0S8mTkZl/JpJkivS7wF9e8BA5K4P4Cz8C5rWXgA==",
      "cpu": [
        "x64"
      ],
      "libc": [
        "musl"
      ],
      "license": "SEE LICENSE IN LICENSE.md",
      "optional": true,
      "os": [
        "linux"
      ],
      "engines": {
        "node": ">= 10"
      }
    },
    "node_modules/@slint-ui/slint-ui-binary-win32-arm64-msvc": {
      "version": "1.18.0",
      "resolved": "https://registry.npmjs.org/@slint-ui/slint-ui-binary-win32-arm64-msvc/-/slint-ui-binary-win32-arm64-msvc-1.18.0.tgz",
      "integrity": "sha512-px5opwr2H3E87Xfs9PuG9k73C6c6iUV4E2jtDvckriJUCUEkjUk4Csd4guW7zeK+3tSjzPUGl/7dLjpcu46bmQ==",
      "cpu": [
        "arm64"
      ],
      "license": "SEE LICENSE IN LICENSE.md",
      "optional": true,
      "os": [
        "win32"
      ],
      "engines": {
        "node": ">= 10"
      }
    },
    "node_modules/@slint-ui/slint-ui-binary-win32-x64-msvc": {
      "version": "1.18.0",
      "resolved": "https://registry.npmjs.org/@slint-ui/slint-ui-binary-win32-x64-msvc/-/slint-ui-binary-win32-x64-msvc-1.18.0.tgz",
      "integrity": "sha512-PWwxhd0+5HjVaqK66fNaKmQVubkS/3S76xmUciYx15uV0OdiZ0A4wJEjU/j7w3oQ8jghNVmTfzqFYZrSy0qXTQ==",
      "cpu": [
        "x64"
      ],
      "license": "SEE LICENSE IN LICENSE.md",
      "optional": true,
      "os": [
        "win32"
      ],
      "engines": {
        "node": ">= 10"
      }
    },
    "node_modules/eventemitter3": {
      "version": "5.0.4",
      "resolved": "https://registry.npmjs.org/eventemitter3/-/eventemitter3-5.0.4.tgz",
      "integrity": "sha512-mlsTRyGaPBjPedk6Bvw+aqbsXDtoAyAzm5MO7JgU+yVRyMQ5O8bD4Kcci7BS85f93veegeCPkL8R4GLClnjLFw==",
      "license": "MIT"
    },
    "node_modules/mpc-js": {
      "version": "2.1.1",
      "resolved": "https://registry.npmjs.org/mpc-js/-/mpc-js-2.1.1.tgz",
      "integrity": "sha512-FQ/C4QDq8vVhnYBG51ZCrFgdzUhMfcYu35eCiGjcsqyNXvrDFL585Tg0R+vQ/Up4vb/7t1sGM4TwT7QwL3a0bA==",
      "license": "MIT",
      "dependencies": {
        "eventemitter3": "^5.0.1"
      },
      "engines": {
        "node": ">=18.0.0"
      }
    },
    "node_modules/slint-ui": {
      "version": "1.18.0",
      "resolved": "https://registry.npmjs.org/slint-ui/-/slint-ui-1.18.0.tgz",
      "integrity": "sha512-FVavWSH4WT8U9bpFNKflfB3h+f5M42T9FoR+aNm0LkiULrmGv3gR3LrM//IA/rXMW1NRU4ZP9EXgO1Vx+qDOEQ==",
      "license": "SEE LICENSE IN LICENSE.md",
      "engines": {
        "node": ">= 10"
      },
      "optionalDependencies": {
        "@slint-ui/slint-ui-binary-darwin-arm64": "1.18.0",
        "@slint-ui/slint-ui-binary-linux-arm64-gnu": "1.18.0",
        "@slint-ui/slint-ui-binary-linux-arm64-musl": "1.18.0",
        "@slint-ui/slint-ui-binary-linux-x64-gnu": "1.18.0",
        "@slint-ui/slint-ui-binary-linux-x64-musl": "1.18.0",
        "@slint-ui/slint-ui-binary-win32-arm64-msvc": "1.18.0",
        "@slint-ui/slint-ui-binary-win32-x64-msvc": "1.18.0"
      },
      "peerDependencies": {
        "slint-ui-dev": "1.18.0"
      },
      "peerDependenciesMeta": {
        "slint-ui-dev": {
          "optional": true
        }
      }
    }
  }
}
